<?xml version="1.0" encoding="utf-8"?>
<Project ToolsVersion="4.0" xmlns="http://schemas.microsoft.com/developer/msbuild/2003">
  <ItemGroup>
    <Filter Include="Source Files">
      <UniqueIdentifier>{4FC737F1-C7A5-4376-A066-2A32D752A2FF}</UniqueIdentifier>
      <Extensions>cpp;c;cc;cxx;def;odl;idl;hpj;bat;asm;asmx</Extensions>
    </Filter>
    <Filter Include="Header Files">
      <UniqueIdentifier>{93995380-89BD-4b04-88EB-625FBE52EBFB}</UniqueIdentifier>
      <Extensions>h;hh;hpp;hxx;hm;inl;inc;xsd</Extensions>
    </Filter>
    <Filter Include="Resource Files">
      <UniqueIdentifier>{67DA6AB6-F800-4c08-8B7A-83BB121AAD01}</UniqueIdentifier>
      <Extensions>rc;ico;cur;bmp;dlg;rc2;rct;bin;rgs;gif;jpg;jpeg;jpe;resx;tiff;tif;png;wav;mfcribbon-ms</Extensions>
    </Filter>
  </ItemGroup>
  <ItemGroup>
    <Text Include="ReadMe.txt" />
  </ItemGroup>
  <ItemGroup>
    <ClInclude Include="stdafx.h">
      <Filter>Header Files</Filter>
    </ClInclude>
    <ClInclude Include="targetver.h">
      <Filter>Header Files</Filter>
    </ClInclude>
    <ClInclude Include="Win32Project1.h">
      <Filter>Header Files</Filter>
    </ClInclude>
    <ClInclude Include="jsapi\js\Anchor.h">
      <Filter>Header Files</Filter>
    </ClInclude>
    <ClInclude Include="jsapi\js\CallArgs.h">
      <Filter>Header Files</Filter>
    </ClInclude>
    <ClInclude Include="jsapi\js\CallNonGenericMethod.h">
      <Filter>Header Files</Filter>
    </ClInclude>
    <ClInclude Include="jsapi\js\CharacterEncoding.h">
      <Filter>Header Files</Filter>
    </ClInclude>
    <ClInclude Include="jsapi\js\Class.h">
      <Filter>Header Files</Filter>
    </ClInclude>
    <ClInclude Include="jsapi\js\Date.h">
      <Filter>Header Files</Filter>
    </ClInclude>
    <ClInclude Include="jsapi\js\GCAPI.h">
      <Filter>Header Files</Filter>
    </ClInclude>
    <ClInclude Include="jsapi\js\HashTable.h">
      <Filter>Header Files</Filter>
    </ClInclude>
    <ClInclude Include="jsapi\js\HeapAPI.h">
      <Filter>Header Files</Filter>
    </ClInclude>
    <ClInclude Include="jsapi\js\Id.h">
      <Filter>Header Files</Filter>
    </ClInclude>
    <ClInclude Include="jsapi\js\js-config.h">
      <Filter>Header Files</Filter>
    </ClInclude>
    <ClInclude Include="jsapi\js\jscpucfg.h">
      <Filter>Header Files</Filter>
    </ClInclude>
    <ClInclude Include="jsapi\js\jstypes.h">
      <Filter>Header Files</Filter>
    </ClInclude>
    <ClInclude Include="jsapi\js\jsversion.h">
      <Filter>Header Files</Filter>
    </ClInclude>
    <ClInclude Include="jsapi\js\LegacyIntTypes.h">
      <Filter>Header Files</Filter>
    </ClInclude>
    <ClInclude Include="jsapi\js\MemoryMetrics.h">
      <Filter>Header Files</Filter>
    </ClInclude>
    <ClInclude Include="jsapi\js\mozilla\Alignment.h">
      <Filter>Header Files</Filter>
    </ClInclude>
    <ClInclude Include="jsapi\js\mozilla\AllocPolicy.h">
      <Filter>Header Files</Filter>
    </ClInclude>
    <ClInclude Include="jsapi\js\mozilla\Array.h">
      <Filter>Header Files</Filter>
    </ClInclude>
    <ClInclude Include="jsapi\js\mozilla\ArrayUtils.h">
      <Filter>Header Files</Filter>
    </ClInclude>
    <ClInclude Include="jsapi\js\mozilla\Assertions.h">
      <Filter>Header Files</Filter>
    </ClInclude>
    <ClInclude Include="jsapi\js\mozilla\Atomics.h">
      <Filter>Header Files</Filter>
    </ClInclude>
    <ClInclude Include="jsapi\js\mozilla\Attributes.h">
      <Filter>Header Files</Filter>
    </ClInclude>
    <ClInclude Include="jsapi\js\mozilla\BloomFilter.h">
      <Filter>Header Files</Filter>
    </ClInclude>
    <ClInclude Include="jsapi\js\mozilla\Casting.h">
      <Filter>Header Files</Filter>
    </ClInclude>
    <ClInclude Include="jsapi\js\mozilla\Char16.h">
      <Filter>Header Files</Filter>
    </ClInclude>
    <ClInclude Include="jsapi\js\mozilla\CheckedInt.h">
      <Filter>Header Files</Filter>
    </ClInclude>
    <ClInclude Include="jsapi\js\mozilla\Compiler.h">
      <Filter>Header Files</Filter>
    </ClInclude>
    <ClInclude Include="jsapi\js\mozilla\Compression.h">
      <Filter>Header Files</Filter>
    </ClInclude>
    <ClInclude Include="jsapi\js\mozilla\Constants.h">
      <Filter>Header Files</Filter>
    </ClInclude>
    <ClInclude Include="jsapi\js\mozilla\DebugOnly.h">
      <Filter>Header Files</Filter>
    </ClInclude>
    <ClInclude Include="jsapi\js\mozilla\Endian.h">
      <Filter>Header Files</Filter>
    </ClInclude>
    <ClInclude Include="jsapi\js\mozilla\EnumSet.h">
      <Filter>Header Files</Filter>
    </ClInclude>
    <ClInclude Include="jsapi\js\mozilla\FloatingPoint.h">
      <Filter>Header Files</Filter>
    </ClInclude>
    <ClInclude Include="jsapi\js\mozilla\GuardObjects.h">
      <Filter>Header Files</Filter>
    </ClInclude>
    <ClInclude Include="jsapi\js\mozilla\HashFunctions.h">
      <Filter>Header Files</Filter>
    </ClInclude>
    <ClInclude Include="jsapi\js\mozilla\IntegerPrintfMacros.h">
      <Filter>Header Files</Filter>
    </ClInclude>
    <ClInclude Include="jsapi\js\mozilla\Likely.h">
      <Filter>Header Files</Filter>
    </ClInclude>
    <ClInclude Include="jsapi\js\mozilla\LinkedList.h">
      <Filter>Header Files</Filter>
    </ClInclude>
    <ClInclude Include="jsapi\js\mozilla\lz4.h">
      <Filter>Header Files</Filter>
    </ClInclude>
    <ClInclude Include="jsapi\js\mozilla\lz4_encoder.h">
      <Filter>Header Files</Filter>
    </ClInclude>
    <ClInclude Include="jsapi\js\mozilla\MathAlgorithms.h">
      <Filter>Header Files</Filter>
    </ClInclude>
    <ClInclude Include="jsapi\js\mozilla\Maybe.h">
      <Filter>Header Files</Filter>
    </ClInclude>
    <ClInclude Include="jsapi\js\mozilla\MemoryChecking.h">
      <Filter>Header Files</Filter>
    </ClInclude>
    <ClInclude Include="jsapi\js\mozilla\MemoryReporting.h">
      <Filter>Header Files</Filter>
    </ClInclude>
    <ClInclude Include="jsapi\js\mozilla\Move.h">
      <Filter>Header Files</Filter>
    </ClInclude>
    <ClInclude Include="jsapi\js\mozilla\MSIntTypes.h">
      <Filter>Header Files</Filter>
    </ClInclude>
    <ClInclude Include="jsapi\js\mozilla\NullPtr.h">
      <Filter>Header Files</Filter>
    </ClInclude>
    <ClInclude Include="jsapi\js\mozilla\NumericLimits.h">
      <Filter>Header Files</Filter>
    </ClInclude>
    <ClInclude Include="jsapi\js\mozilla\PodOperations.h">
      <Filter>Header Files</Filter>
    </ClInclude>
    <ClInclude Include="jsapi\js\mozilla\Poison.h">
      <Filter>Header Files</Filter>
    </ClInclude>
    <ClInclude Include="jsapi\js\mozilla\Range.h">
      <Filter>Header Files</Filter>
    </ClInclude>
    <ClInclude Include="jsapi\js\mozilla\RangedPtr.h">
      <Filter>Header Files</Filter>
    </ClInclude>
    <ClInclude Include="jsapi\js\mozilla\ReentrancyGuard.h">
      <Filter>Header Files</Filter>
    </ClInclude>
    <ClInclude Include="jsapi\js\mozilla\RefPtr.h">
      <Filter>Header Files</Filter>
    </ClInclude>
    <ClInclude Include="jsapi\js\mozilla\RollingMean.h">
      <Filter>Header Files</Filter>
    </ClInclude>
    <ClInclude Include="jsapi\js\mozilla\Scoped.h">
      <Filter>Header Files</Filter>
    </ClInclude>
    <ClInclude Include="jsapi\js\mozilla\SHA1.h">
      <Filter>Header Files</Filter>
    </ClInclude>
    <ClInclude Include="jsapi\js\mozilla\SplayTree.h">
      <Filter>Header Files</Filter>
    </ClInclude>
    <ClInclude Include="jsapi\js\mozilla\TemplateLib.h">
      <Filter>Header Files</Filter>
    </ClInclude>
    <ClInclude Include="jsapi\js\mozilla\ThreadLocal.h">
      <Filter>Header Files</Filter>
    </ClInclude>
    <ClInclude Include="jsapi\js\mozilla\TypedEnum.h">
      <Filter>Header Files</Filter>
    </ClInclude>
    <ClInclude Include="jsapi\js\mozilla\Types.h">
      <Filter>Header Files</Filter>
    </ClInclude>
    <ClInclude Include="jsapi\js\mozilla\TypeTraits.h">
      <Filter>Header Files</Filter>
    </ClInclude>
    <ClInclude Include="jsapi\js\mozilla\Vector.h">
      <Filter>Header Files</Filter>
    </ClInclude>
    <ClInclude Include="jsapi\js\mozilla\WeakPtr.h">
      <Filter>Header Files</Filter>
    </ClInclude>
    <ClInclude Include="jsapi\js\OldDebugAPI.h">
      <Filter>Header Files</Filter>
    </ClInclude>
    <ClInclude Include="jsapi\js\ProfilingStack.h">
      <Filter>Header Files</Filter>
    </ClInclude>
    <ClInclude Include="jsapi\js\PropertyKey.h">
      <Filter>Header Files</Filter>
    </ClInclude>
    <ClInclude Include="jsapi\js\RequiredDefines.h">
      <Filter>Header Files</Filter>
    </ClInclude>
    <ClInclude Include="jsapi\js\RootingAPI.h">
      <Filter>Header Files</Filter>
    </ClInclude>
    <ClInclude Include="jsapi\js\SliceBudget.h">
      <Filter>Header Files</Filter>
    </ClInclude>
    <ClInclude Include="jsapi\js\StructuredClone.h">
      <Filter>Header Files</Filter>
    </ClInclude>
    <ClInclude Include="jsapi\js\Tracer.h">
      <Filter>Header Files</Filter>
    </ClInclude>
    <ClInclude Include="jsapi\js\TypeDecls.h">
      <Filter>Header Files</Filter>
    </ClInclude>
    <ClInclude Include="jsapi\js\Utility.h">
      <Filter>Header Files</Filter>
    </ClInclude>
    <ClInclude Include="jsapi\js\Value.h">
      <Filter>Header Files</Filter>
    </ClInclude>
    <ClInclude Include="jsapi\js\Vector.h">
      <Filter>Header Files</Filter>
    </ClInclude>
    <ClInclude Include="jsapi\jsalloc.h">
      <Filter>Header Files</Filter>
    </ClInclude>
    <ClInclude Include="jsapi\jsapi.h">
      <Filter>Header Files</Filter>
    </ClInclude>
    <ClInclude Include="jsapi\jsprototypes.h">
      <Filter>Header Files</Filter>
    </ClInclude>
    <ClInclude Include="jsapi\jspubtd.h">
      <Filter>Header Files</Filter>
    </ClInclude>
    <ClInclude Include="jsapi\jstypes.h">
      <Filter>Header Files</Filter>
    </ClInclude>
    <ClInclude Include="jsapi\mozilla\Alignment.h">
      <Filter>Header Files</Filter>
    </ClInclude>
    <ClInclude Include="jsapi\mozilla\AllocPolicy.h">
      <Filter>Header Files</Filter>
    </ClInclude>
    <ClInclude Include="jsapi\mozilla\Array.h">
      <Filter>Header Files</Filter>
    </ClInclude>
    <ClInclude Include="jsapi\mozilla\ArrayUtils.h">
      <Filter>Header Files</Filter>
    </ClInclude>
    <ClInclude Include="jsapi\mozilla\Assertions.h">
      <Filter>Header Files</Filter>
    </ClInclude>
    <ClInclude Include="jsapi\mozilla\Atomics.h">
      <Filter>Header Files</Filter>
    </ClInclude>
    <ClInclude Include="jsapi\mozilla\Attributes.h">
      <Filter>Header Files</Filter>
    </ClInclude>
    <ClInclude Include="jsapi\mozilla\BloomFilter.h">
      <Filter>Header Files</Filter>
    </ClInclude>
    <ClInclude Include="jsapi\mozilla\Casting.h">
      <Filter>Header Files</Filter>
    </ClInclude>
    <ClInclude Include="jsapi\mozilla\Char16.h">
      <Filter>Header Files</Filter>
    </ClInclude>
    <ClInclude Include="jsapi\mozilla\CheckedInt.h">
      <Filter>Header Files</Filter>
    </ClInclude>
    <ClInclude Include="jsapi\mozilla\Compiler.h">
      <Filter>Header Files</Filter>
    </ClInclude>
    <ClInclude Include="jsapi\mozilla\Compression.h">
      <Filter>Header Files</Filter>
    </ClInclude>
    <ClInclude Include="jsapi\mozilla\Constants.h">
      <Filter>Header Files</Filter>
    </ClInclude>
    <ClInclude Include="jsapi\mozilla\DebugOnly.h">
      <Filter>Header Files</Filter>
    </ClInclude>
    <ClInclude Include="jsapi\mozilla\Endian.h">
      <Filter>Header Files</Filter>
    </ClInclude>
    <ClInclude Include="jsapi\mozilla\EnumSet.h">
      <Filter>Header Files</Filter>
    </ClInclude>
    <ClInclude Include="jsapi\mozilla\FloatingPoint.h">
      <Filter>Header Files</Filter>
    </ClInclude>
    <ClInclude Include="jsapi\mozilla\GuardObjects.h">
      <Filter>Header Files</Filter>
    </ClInclude>
    <ClInclude Include="jsapi\mozilla\HashFunctions.h">
      <Filter>Header Files</Filter>
    </ClInclude>
    <ClInclude Include="jsapi\mozilla\IntegerPrintfMacros.h">
      <Filter>Header Files</Filter>
    </ClInclude>
    <ClInclude Include="jsapi\mozilla\Likely.h">
      <Filter>Header Files</Filter>
    </ClInclude>
    <ClInclude Include="jsapi\mozilla\LinkedList.h">
      <Filter>Header Files</Filter>
    </ClInclude>
    <ClInclude Include="jsapi\mozilla\lz4.h">
      <Filter>Header Files</Filter>
    </ClInclude>
    <ClInclude Include="jsapi\mozilla\lz4_encoder.h">
      <Filter>Header Files</Filter>
    </ClInclude>
    <ClInclude Include="jsapi\mozilla\MathAlgorithms.h">
      <Filter>Header Files</Filter>
    </ClInclude>
    <ClInclude Include="jsapi\mozilla\Maybe.h">
      <Filter>Header Files</Filter>
    </ClInclude>
    <ClInclude Include="jsapi\mozilla\MemoryChecking.h">
      <Filter>Header Files</Filter>
    </ClInclude>
    <ClInclude Include="jsapi\mozilla\MemoryReporting.h">
      <Filter>Header Files</Filter>
    </ClInclude>
    <ClInclude Include="jsapi\mozilla\Move.h">
      <Filter>Header Files</Filter>
    </ClInclude>
    <ClInclude Include="jsapi\mozilla\MSIntTypes.h">
      <Filter>Header Files</Filter>
    </ClInclude>
    <ClInclude Include="jsapi\mozilla\NullPtr.h">
      <Filter>Header Files</Filter>
    </ClInclude>
    <ClInclude Include="jsapi\mozilla\NumericLimits.h">
      <Filter>Header Files</Filter>
    </ClInclude>
    <ClInclude Include="jsapi\mozilla\PodOperations.h">
      <Filter>Header Files</Filter>
    </ClInclude>
    <ClInclude Include="jsapi\mozilla\Poison.h">
      <Filter>Header Files</Filter>
    </ClInclude>
    <ClInclude Include="jsapi\mozilla\Range.h">
      <Filter>Header Files</Filter>
    </ClInclude>
    <ClInclude Include="jsapi\mozilla\RangedPtr.h">
      <Filter>Header Files</Filter>
    </ClInclude>
    <ClInclude Include="jsapi\mozilla\ReentrancyGuard.h">
      <Filter>Header Files</Filter>
    </ClInclude>
    <ClInclude Include="jsapi\mozilla\RefPtr.h">
      <Filter>Header Files</Filter>
    </ClInclude>
    <ClInclude Include="jsapi\mozilla\RollingMean.h">
      <Filter>Header Files</Filter>
    </ClInclude>
    <ClInclude Include="jsapi\mozilla\Scoped.h">
      <Filter>Header Files</Filter>
    </ClInclude>
    <ClInclude Include="jsapi\mozilla\SHA1.h">
      <Filter>Header Files</Filter>
    </ClInclude>
    <ClInclude Include="jsapi\mozilla\SplayTree.h">
      <Filter>Header Files</Filter>
    </ClInclude>
    <ClInclude Include="jsapi\mozilla\TemplateLib.h">
      <Filter>Header Files</Filter>
    </ClInclude>
    <ClInclude Include="jsapi\mozilla\ThreadLocal.h">
      <Filter>Header Files</Filter>
    </ClInclude>
    <ClInclude Include="jsapi\mozilla\TypedEnum.h">
      <Filter>Header Files</Filter>
    </ClInclude>
    <ClInclude Include="jsapi\mozilla\Types.h">
      <Filter>Header Files</Filter>
    </ClInclude>
    <ClInclude Include="jsapi\mozilla\TypeTraits.h">
      <Filter>Header Files</Filter>
    </ClInclude>
    <ClInclude Include="jsapi\mozilla\Vector.h">
      <Filter>Header Files</Filter>
    </ClInclude>
    <ClInclude Include="jsapi\mozilla\WeakPtr.h">
      <Filter>Header Files</Filter>
    </ClInclude>
    <ClInclude Include="FlashRuntimeExtensions.h">
      <Filter>Header Files</Filter>
    </ClInclude>
  </ItemGroup>
  <ItemGroup>
    <ClCompile Include="stdafx.cpp">
      <Filter>Source Files</Filter>
    </ClCompile>
    <ClCompile Include="Win32Project1.cpp">
      <Filter>Source Files</Filter>
    </ClCompile>
    <ClCompile Include="dllmain.cpp">
      <Filter>Source Files</Filter>
    </ClCompile>
  </ItemGroup>
</Project>